
Microsoft Visual Studio Solution File, Format Version 12.00
# Visual Studio Version 16
VisualStudioVersion = 16.0.29911.84
MinimumVisualStudioVersion = 10.0.40219.1
Project("{FAE04EC0-301F-11D3-BF4B-00C04F79EFBC}") = "FIND", "FIND\FIND.csproj", "{1CB81ACF-F7D4-43B5-A09E-390C8AE50773}"
EndProject
Global
	GlobalSection(SolutionConfigurationPlatforms) = preSolution
		Debug|Any CPU = Debug|Any CPU
		Release|Any CPU = Release|Any CPU
	EndGlobalSection
	GlobalSection(ProjectConfigurationPlatforms) = postSolution
		{1CB81ACF-F7D4-43B5-A09E-390C8AE50773}.Debug|Any CPU.ActiveCfg = Debug|Any CPU
		{1CB81ACF-F7D4-43B5-A09E-390C8AE50773}.Debug|Any CPU.Build.0 = Debug|Any CPU
		{1CB81ACF-F7D4-43B5-A09E-390C8AE50773}.Release|Any CPU.ActiveCfg = Release|Any CPU
		{1CB81ACF-F7D4-43B5-A09E-390C8AE50773}.Release|Any CPU.Build.0 = Release|Any CPU
	EndGlobalSection
	GlobalSection(SolutionProperties) = preSolution
		HideSolutionNode = FALSE
	EndGlobalSection
	GlobalSection(ExtensibilityGlobals) = postSolution
		SolutionGuid = {1E5CB41A-2808-4FE3-A892-56BC1C475530}
	EndGlobalSection
EndGlobal
